
Microsoft Visual Studio Solution File, Format Version 12.00
Project("{FAE04EC0-301F-11D3-BF4B-00C04F79EFBC}") = "AuthProxy", "AuthProxy\AuthProxy.csproj", "{06CA9C5F-A916-4FF9-B5DA-E0F3BBA1E5DF}"
EndProject
Global
	GlobalSection(SolutionConfigurationPlatforms) = preSolution
		Debug|Any CPU = Debug|Any CPU
		Release|Any CPU = Release|Any CPU
	EndGlobalSection
	GlobalSection(ProjectConfigurationPlatforms) = postSolution
		{06CA9C5F-A916-4FF9-B5DA-E0F3BBA1E5DF}.Debug|Any CPU.ActiveCfg = Debug|Any CPU
		{06CA9C5F-A916-4FF9-B5DA-E0F3BBA1E5DF}.Debug|Any CPU.Build.0 = Debug|Any CPU
		{06CA9C5F-A916-4FF9-B5DA-E0F3BBA1E5DF}.Release|Any CPU.ActiveCfg = Release|Any CPU
		{06CA9C5F-A916-4FF9-B5DA-E0F3BBA1E5DF}.Release|Any CPU.Build.0 = Release|Any CPU
	EndGlobalSection
EndGlobal
